
Microsoft Visual Studio Solution File, Format Version 12.00
# Visual Studio Version 16
VisualStudioVersion = 16.0.31205.134
MinimumVisualStudioVersion = 10.0.40219.1
Project("{FAE04EC0-301F-11D3-BF4B-00C04F79EFBC}") = "SpecflowPractice", "SpecflowPractice\SpecflowPractice.csproj", "{5E6D3E5E-309D-4A71-8676-43249EE69C19}"
EndProject
Global
	GlobalSection(SolutionConfigurationPlatforms) = preSolution
		Debug|Any CPU = Debug|Any CPU
		Release|Any CPU = Release|Any CPU
	EndGlobalSection
	GlobalSection(ProjectConfigurationPlatforms) = postSolution
		{5E6D3E5E-309D-4A71-8676-43249EE69C19}.Debug|Any CPU.ActiveCfg = Debug|Any CPU
		{5E6D3E5E-309D-4A71-8676-43249EE69C19}.Debug|Any CPU.Build.0 = Debug|Any CPU
		{5E6D3E5E-309D-4A71-8676-43249EE69C19}.Release|Any CPU.ActiveCfg = Release|Any CPU
		{5E6D3E5E-309D-4A71-8676-43249EE69C19}.Release|Any CPU.Build.0 = Release|Any CPU
	EndGlobalSection
	GlobalSection(SolutionProperties) = preSolution
		HideSolutionNode = FALSE
	EndGlobalSection
	GlobalSection(ExtensibilityGlobals) = postSolution
		SolutionGuid = {16FC9AA7-9B48-4365-9986-B60E0C922C47}
	EndGlobalSection
EndGlobal
